
Microsoft Visual Studio Solution File, Format Version 12.00
# Visual Studio 15
VisualStudioVersion = 15.0.28307.757
MinimumVisualStudioVersion = 10.0.40219.1
Project("{FAE04EC0-301F-11D3-BF4B-00C04F79EFBC}") = "Clueless", "Clueless\Clueless.csproj", "{E7F120D8-A1A4-4E69-B912-13C5BC4C3CBB}"
EndProject
Global
	GlobalSection(SolutionConfigurationPlatforms) = preSolution
		Debug|Any CPU = Debug|Any CPU
		Release|Any CPU = Release|Any CPU
	EndGlobalSection
	GlobalSection(ProjectConfigurationPlatforms) = postSolution
		{E7F120D8-A1A4-4E69-B912-13C5BC4C3CBB}.Debug|Any CPU.ActiveCfg = Debug|Any CPU
		{E7F120D8-A1A4-4E69-B912-13C5BC4C3CBB}.Debug|Any CPU.Build.0 = Debug|Any CPU
		{E7F120D8-A1A4-4E69-B912-13C5BC4C3CBB}.Release|Any CPU.ActiveCfg = Release|Any CPU
		{E7F120D8-A1A4-4E69-B912-13C5BC4C3CBB}.Release|Any CPU.Build.0 = Release|Any CPU
	EndGlobalSection
	GlobalSection(SolutionProperties) = preSolution
		HideSolutionNode = FALSE
	EndGlobalSection
	GlobalSection(ExtensibilityGlobals) = postSolution
		SolutionGuid = {EDCA9658-71EB-4782-B2E3-DC6D26A3D522}
	EndGlobalSection
EndGlobal
